
Microsoft Visual Studio Solution File, Format Version 12.00
# Visual Studio Version 16
VisualStudioVersion = 16.0.29009.5
MinimumVisualStudioVersion = 10.0.40219.1
Project("{FAE04EC0-301F-11D3-BF4B-00C04F79EFBC}") = "pretest", "pretest.csproj", "{6519E487-65DF-47B6-8966-EAA25DA57A9B}"
EndProject
Global
	GlobalSection(SolutionConfigurationPlatforms) = preSolution
		Debug|Any CPU = Debug|Any CPU
		Release|Any CPU = Release|Any CPU
	EndGlobalSection
	GlobalSection(ProjectConfigurationPlatforms) = postSolution
		{6519E487-65DF-47B6-8966-EAA25DA57A9B}.Debug|Any CPU.ActiveCfg = Debug|Any CPU
		{6519E487-65DF-47B6-8966-EAA25DA57A9B}.Debug|Any CPU.Build.0 = Debug|Any CPU
		{6519E487-65DF-47B6-8966-EAA25DA57A9B}.Release|Any CPU.ActiveCfg = Release|Any CPU
		{6519E487-65DF-47B6-8966-EAA25DA57A9B}.Release|Any CPU.Build.0 = Release|Any CPU
	EndGlobalSection
	GlobalSection(SolutionProperties) = preSolution
		HideSolutionNode = FALSE
	EndGlobalSection
	GlobalSection(ExtensibilityGlobals) = postSolution
		SolutionGuid = {544684DE-2491-4A38-862E-4565B9CBFB75}
	EndGlobalSection
EndGlobal
